
Microsoft Visual Studio Solution File, Format Version 12.00
Project("{FAE04EC0-301F-11D3-BF4B-00C04F79EFBC}") = "EzCrudLife", "EzCrudLife\EzCrudLife.csproj", "{DB8C75C3-FE0F-4B0A-86F8-DEFA8E19BC05}"
EndProject
Project("{FAE04EC0-301F-11D3-BF4B-00C04F79EFBC}") = "EzCrudLife.Models", "EzCrudLife.Models\EzCrudLife.Models.csproj", "{D9A7D63C-6360-4633-8964-705736191A92}"
EndProject
Project("{FAE04EC0-301F-11D3-BF4B-00C04F79EFBC}") = "EzCrudLife.Repositories", "EzCrudLife.Repositories\EzCrudLife.Repositories.csproj", "{29BD9080-A57E-4A8F-9726-3C0DEBF7001F}"
EndProject
Project("{FAE04EC0-301F-11D3-BF4B-00C04F79EFBC}") = "EzCrudLife.Services", "EzCrudLife.Services\EzCrudLife.Services.csproj", "{47864CFD-C8D4-410C-9054-A220589AE679}"
EndProject
Project("{FAE04EC0-301F-11D3-BF4B-00C04F79EFBC}") = "EzCrudLife.Core", "EzCrudLife.Core\EzCrudLife.Core.csproj", "{5D27DA60-CA16-47DA-923B-73F42F8DADF6}"
EndProject
Global
	GlobalSection(SolutionConfigurationPlatforms) = preSolution
		Debug|Any CPU = Debug|Any CPU
		Release|Any CPU = Release|Any CPU
	EndGlobalSection
	GlobalSection(ProjectConfigurationPlatforms) = postSolution
		{DB8C75C3-FE0F-4B0A-86F8-DEFA8E19BC05}.Debug|Any CPU.ActiveCfg = Debug|Any CPU
		{DB8C75C3-FE0F-4B0A-86F8-DEFA8E19BC05}.Debug|Any CPU.Build.0 = Debug|Any CPU
		{DB8C75C3-FE0F-4B0A-86F8-DEFA8E19BC05}.Release|Any CPU.ActiveCfg = Release|Any CPU
		{DB8C75C3-FE0F-4B0A-86F8-DEFA8E19BC05}.Release|Any CPU.Build.0 = Release|Any CPU
		{D9A7D63C-6360-4633-8964-705736191A92}.Debug|Any CPU.ActiveCfg = Debug|Any CPU
		{D9A7D63C-6360-4633-8964-705736191A92}.Debug|Any CPU.Build.0 = Debug|Any CPU
		{D9A7D63C-6360-4633-8964-705736191A92}.Release|Any CPU.ActiveCfg = Release|Any CPU
		{D9A7D63C-6360-4633-8964-705736191A92}.Release|Any CPU.Build.0 = Release|Any CPU
		{29BD9080-A57E-4A8F-9726-3C0DEBF7001F}.Debug|Any CPU.ActiveCfg = Debug|Any CPU
		{29BD9080-A57E-4A8F-9726-3C0DEBF7001F}.Debug|Any CPU.Build.0 = Debug|Any CPU
		{29BD9080-A57E-4A8F-9726-3C0DEBF7001F}.Release|Any CPU.ActiveCfg = Release|Any CPU
		{29BD9080-A57E-4A8F-9726-3C0DEBF7001F}.Release|Any CPU.Build.0 = Release|Any CPU
		{47864CFD-C8D4-410C-9054-A220589AE679}.Debug|Any CPU.ActiveCfg = Debug|Any CPU
		{47864CFD-C8D4-410C-9054-A220589AE679}.Debug|Any CPU.Build.0 = Debug|Any CPU
		{47864CFD-C8D4-410C-9054-A220589AE679}.Release|Any CPU.ActiveCfg = Release|Any CPU
		{47864CFD-C8D4-410C-9054-A220589AE679}.Release|Any CPU.Build.0 = Release|Any CPU
		{5D27DA60-CA16-47DA-923B-73F42F8DADF6}.Debug|Any CPU.ActiveCfg = Debug|Any CPU
		{5D27DA60-CA16-47DA-923B-73F42F8DADF6}.Debug|Any CPU.Build.0 = Debug|Any CPU
		{5D27DA60-CA16-47DA-923B-73F42F8DADF6}.Release|Any CPU.ActiveCfg = Release|Any CPU
		{5D27DA60-CA16-47DA-923B-73F42F8DADF6}.Release|Any CPU.Build.0 = Release|Any CPU
	EndGlobalSection
EndGlobal
